{
  "name": "soligit",
  "lockfileVersion": 3,
  "requires": true,
  "packages": {
    "": {
      "dependencies": {
        "@notionhq/client": "^4.0.2"
      }
    },
    "node_modules/@notionhq/client": {
      "version": "4.0.2",
      "resolved": "https://registry.npmjs.org/@notionhq/client/-/client-4.0.2.tgz",
      "integrity": "sha512-4pk3dm4umhjsRI0umCnJ8lCZh0TMiaMdkY0rz6FV4OqVuTsmYFV3pk+YTR5S8792ZY2Rm4lJHlLj05HQVKDuIg==",
      "license": "MIT",
      "engines": {
        "node": ">=18"
      }
    }
  }
}
